{
  "version": 4,
  "terraform_version": "0.12.5",
  "serial": 9,
  "lineage": "579a30d1-660e-3af8-f639-033101b8800f",
  "outputs": {},
  "resources": [
    {
      "mode": "managed",
      "type": "google_compute_instance",
      "name": "default",
      "provider": "provider.google",
      "instances": [
        {
          "schema_version": 6,
          "attributes": {
            "allow_stopping_for_update": null,
            "attached_disk": [],
            "boot_disk": [
              {
                "auto_delete": true,
                "device_name": "persistent-disk-0",
                "disk_encryption_key_raw": "",
                "disk_encryption_key_sha256": "",
                "initialize_params": [
                  {
                    "image": "https://www.googleapis.com/compute/v1/projects/debian-cloud/global/images/debian-9-stretch-v20190813",
                    "size": 10,
                    "type": "pd-standard"
                  }
                ],
                "kms_key_self_link": "",
                "source": "https://www.googleapis.com/compute/v1/projects/terraform-lab-247604/zones/us-west1-a/disks/test-vm-04ca7b990ed12703"
              }
            ],
            "can_ip_forward": false,
            "cpu_platform": "Intel Broadwell",
            "deletion_protection": false,
            "description": null,
            "disk": [],
            "guest_accelerator": [],
            "hostname": "",
            "id": "test-vm-04ca7b990ed12703",
            "instance_id": "5887246111609538974",
            "label_fingerprint": "42WmSpB8rSM=",
            "labels": null,
            "machine_type": "f1-micro",
            "metadata": {
              "ssh_keys": "ssh-rsa AAAAB3NzaC1yc2EAAAADAQABAAABAQC+VTD4NozrvS0567UplPHHFV7a4pdJ30PxPTCzSwQWc8f5aMleXoVRjzBLhxdSQmomDsiDlSfNgkeF8BGoIjYRigzTc1rU53sq83w4FRnhlFHpXkUtc1Vc/Nm0pOta0scNR+gGHekIKFF5nAa7frYPRwR7hJVy8EE5ks5WUGq4ZcN77EkiKAZmlVxHCAp+wJAv8gzxu4PQJKOoR7/cgUO2YscZRz+ef4gakGFDgQNnvLSRuUK/0lc84eRz44VUWNA/kv3pNwivf6xjM5rL8uc+9ax7CevHX4H2bVhkPGeZS3U4pE32CBCUS25FuVNYPZaBY5c4EDSIQeUzPcb2VVLb karthik.bapanapalli@RINMAC214\n"
            },
            "metadata_fingerprint": "gDDDMwUjVjM=",
            "metadata_startup_script": "",
            "min_cpu_platform": "",
            "name": "test-vm-04ca7b990ed12703",
            "network_interface": [
              {
                "access_config": [
                  {
                    "assigned_nat_ip": "",
                    "nat_ip": "35.203.148.111",
                    "network_tier": "PREMIUM",
                    "public_ptr_domain_name": ""
                  }
                ],
                "address": "",
                "alias_ip_range": [],
                "name": "nic0",
                "network": "https://www.googleapis.com/compute/v1/projects/terraform-lab-247604/global/networks/default",
                "network_ip": "10.138.0.4",
                "subnetwork": "https://www.googleapis.com/compute/v1/projects/terraform-lab-247604/regions/us-west1/subnetworks/default",
                "subnetwork_project": "terraform-lab-247604"
              }
            ],
            "project": "terraform-lab-247604",
            "scheduling": [
              {
                "automatic_restart": true,
                "node_affinities": [],
                "on_host_maintenance": "MIGRATE",
                "preemptible": false
              }
            ],
            "scratch_disk": [],
            "self_link": "https://www.googleapis.com/compute/v1/projects/terraform-lab-247604/zones/us-west1-a/instances/test-vm-04ca7b990ed12703",
            "service_account": [],
            "shielded_instance_config": [],
            "tags": null,
            "tags_fingerprint": "42WmSpB8rSM=",
            "timeouts": null,
            "zone": "us-west1-a"
          },
          "private": "eyJlMmJmYjczMC1lY2FhLTExZTYtOGY4OC0zNDM2M2JjN2M0YzAiOnsiY3JlYXRlIjoxMjAwMDAwMDAwMDAwLCJkZWxldGUiOjEyMDAwMDAwMDAwMDAsInVwZGF0ZSI6MTIwMDAwMDAwMDAwMH0sInNjaGVtYV92ZXJzaW9uIjoiNiJ9",
          "depends_on": [
            "random_id.instance_id"
          ]
        }
      ]
    },
    {
      "mode": "managed",
      "type": "random_id",
      "name": "instance_id",
      "provider": "provider.random",
      "instances": [
        {
          "schema_version": 0,
          "attributes": {
            "b64": "BMp7mQ7RJwM",
            "b64_std": "BMp7mQ7RJwM=",
            "b64_url": "BMp7mQ7RJwM",
            "byte_length": 8,
            "dec": "345224218756065027",
            "hex": "04ca7b990ed12703",
            "id": "BMp7mQ7RJwM",
            "keepers": null,
            "prefix": null
          }
        }
      ]
    }
  ]
}
